
Microsoft Visual Studio Solution File, Format Version 10.00
# Visual Studio 2008
Project("{E24C65DC-7377-472B-9ABA-BC803B73C61A}") = "cloudtest", "cloudtest\", "{F832AF4A-423F-4451-A428-2F67E0FC1861}"
	ProjectSection(WebsiteProperties) = preProject
		TargetFramework = "3.5"
		ProjectReferences = "{2A6F3232-52CB-41EF-9A14-2978BABF3277}|VRK.Controls.dll;"
		Debug.AspNetCompiler.VirtualPath = "/cloudtest"
		Debug.AspNetCompiler.PhysicalPath = "cloudtest\"
		Debug.AspNetCompiler.TargetPath = "PrecompiledWeb\cloudtest\"
		Debug.AspNetCompiler.Updateable = "true"
		Debug.AspNetCompiler.ForceOverwrite = "true"
		Debug.AspNetCompiler.FixedNames = "false"
		Debug.AspNetCompiler.Debug = "True"
		Release.AspNetCompiler.VirtualPath = "/cloudtest"
		Release.AspNetCompiler.PhysicalPath = "cloudtest\"
		Release.AspNetCompiler.TargetPath = "PrecompiledWeb\cloudtest\"
		Release.AspNetCompiler.Updateable = "true"
		Release.AspNetCompiler.ForceOverwrite = "true"
		Release.AspNetCompiler.FixedNames = "false"
		Release.AspNetCompiler.Debug = "False"
		VWDPort = "4806"
		DefaultWebSiteLanguage = "Visual C#"
	EndProjectSection
EndProject
Project("{FAE04EC0-301F-11D3-BF4B-00C04F79EFBC}") = "VRK.Controls", "VRK.Controls\VRK.Controls.csproj", "{2A6F3232-52CB-41EF-9A14-2978BABF3277}"
EndProject
Project("{FAE04EC0-301F-11D3-BF4B-00C04F79EFBC}") = "cloud", "cloud\cloud\cloud.csproj", "{92C98FB2-12E8-4EAB-91F3-756DA13BDD46}"
EndProject
Global
	GlobalSection(SolutionConfigurationPlatforms) = preSolution
		Debug|.NET = Debug|.NET
		Debug|Any CPU = Debug|Any CPU
		Debug|Mixed Platforms = Debug|Mixed Platforms
		Release|.NET = Release|.NET
		Release|Any CPU = Release|Any CPU
		Release|Mixed Platforms = Release|Mixed Platforms
	EndGlobalSection
	GlobalSection(ProjectConfigurationPlatforms) = postSolution
		{F832AF4A-423F-4451-A428-2F67E0FC1861}.Debug|.NET.ActiveCfg = Debug|.NET
		{F832AF4A-423F-4451-A428-2F67E0FC1861}.Debug|.NET.Build.0 = Debug|.NET
		{F832AF4A-423F-4451-A428-2F67E0FC1861}.Debug|Any CPU.ActiveCfg = Debug|.NET
		{F832AF4A-423F-4451-A428-2F67E0FC1861}.Debug|Mixed Platforms.ActiveCfg = Debug|.NET
		{F832AF4A-423F-4451-A428-2F67E0FC1861}.Debug|Mixed Platforms.Build.0 = Debug|.NET
		{F832AF4A-423F-4451-A428-2F67E0FC1861}.Release|.NET.ActiveCfg = Debug|.NET
		{F832AF4A-423F-4451-A428-2F67E0FC1861}.Release|.NET.Build.0 = Debug|.NET
		{F832AF4A-423F-4451-A428-2F67E0FC1861}.Release|Any CPU.ActiveCfg = Debug|.NET
		{F832AF4A-423F-4451-A428-2F67E0FC1861}.Release|Mixed Platforms.ActiveCfg = Debug|.NET
		{F832AF4A-423F-4451-A428-2F67E0FC1861}.Release|Mixed Platforms.Build.0 = Debug|.NET
		{2A6F3232-52CB-41EF-9A14-2978BABF3277}.Debug|.NET.ActiveCfg = Debug|Any CPU
		{2A6F3232-52CB-41EF-9A14-2978BABF3277}.Debug|Any CPU.ActiveCfg = Debug|Any CPU
		{2A6F3232-52CB-41EF-9A14-2978BABF3277}.Debug|Any CPU.Build.0 = Debug|Any CPU
		{2A6F3232-52CB-41EF-9A14-2978BABF3277}.Debug|Mixed Platforms.ActiveCfg = Debug|Any CPU
		{2A6F3232-52CB-41EF-9A14-2978BABF3277}.Debug|Mixed Platforms.Build.0 = Debug|Any CPU
		{2A6F3232-52CB-41EF-9A14-2978BABF3277}.Release|.NET.ActiveCfg = Release|Any CPU
		{2A6F3232-52CB-41EF-9A14-2978BABF3277}.Release|Any CPU.ActiveCfg = Release|Any CPU
		{2A6F3232-52CB-41EF-9A14-2978BABF3277}.Release|Any CPU.Build.0 = Release|Any CPU
		{2A6F3232-52CB-41EF-9A14-2978BABF3277}.Release|Mixed Platforms.ActiveCfg = Release|Any CPU
		{2A6F3232-52CB-41EF-9A14-2978BABF3277}.Release|Mixed Platforms.Build.0 = Release|Any CPU
		{92C98FB2-12E8-4EAB-91F3-756DA13BDD46}.Debug|.NET.ActiveCfg = Debug|Any CPU
		{92C98FB2-12E8-4EAB-91F3-756DA13BDD46}.Debug|Any CPU.ActiveCfg = Debug|Any CPU
		{92C98FB2-12E8-4EAB-91F3-756DA13BDD46}.Debug|Any CPU.Build.0 = Debug|Any CPU
		{92C98FB2-12E8-4EAB-91F3-756DA13BDD46}.Debug|Mixed Platforms.ActiveCfg = Debug|Any CPU
		{92C98FB2-12E8-4EAB-91F3-756DA13BDD46}.Debug|Mixed Platforms.Build.0 = Debug|Any CPU
		{92C98FB2-12E8-4EAB-91F3-756DA13BDD46}.Release|.NET.ActiveCfg = Debug|Any CPU
		{92C98FB2-12E8-4EAB-91F3-756DA13BDD46}.Release|Any CPU.ActiveCfg = Debug|Any CPU
		{92C98FB2-12E8-4EAB-91F3-756DA13BDD46}.Release|Any CPU.Build.0 = Debug|Any CPU
		{92C98FB2-12E8-4EAB-91F3-756DA13BDD46}.Release|Mixed Platforms.ActiveCfg = Debug|Any CPU
		{92C98FB2-12E8-4EAB-91F3-756DA13BDD46}.Release|Mixed Platforms.Build.0 = Debug|Any CPU
	EndGlobalSection
	GlobalSection(SolutionProperties) = preSolution
		HideSolutionNode = FALSE
	EndGlobalSection
EndGlobal
